
Microsoft Visual Studio Solution File, Format Version 12.00
Project("{FAE04EC0-301F-11D3-BF4B-00C04F79EFBC}") = "ValheimSkillCapMod", "ValheimSkillCapMod\ValheimSkillCapMod.csproj", "{19F0E6BA-DE2B-4504-9801-0F9360E3D9EB}"
EndProject
Global
	GlobalSection(SolutionConfigurationPlatforms) = preSolution
		Debug|Any CPU = Debug|Any CPU
		Release|Any CPU = Release|Any CPU
	EndGlobalSection
	GlobalSection(ProjectConfigurationPlatforms) = postSolution
		{19F0E6BA-DE2B-4504-9801-0F9360E3D9EB}.Debug|Any CPU.ActiveCfg = Debug|Any CPU
		{19F0E6BA-DE2B-4504-9801-0F9360E3D9EB}.Debug|Any CPU.Build.0 = Debug|Any CPU
		{19F0E6BA-DE2B-4504-9801-0F9360E3D9EB}.Release|Any CPU.ActiveCfg = Release|Any CPU
		{19F0E6BA-DE2B-4504-9801-0F9360E3D9EB}.Release|Any CPU.Build.0 = Release|Any CPU
	EndGlobalSection
EndGlobal
